
Microsoft Visual Studio Solution File, Format Version 12.00
# Visual Studio Version 16
VisualStudioVersion = 16.0.31515.178
MinimumVisualStudioVersion = 10.0.40219.1
Project("{FAE04EC0-301F-11D3-BF4B-00C04F79EFBC}") = "HomeTask1(v2)", "HomeTask1(v2)\HomeTask1(v2).csproj", "{9F454430-F4A8-4B76-88BC-AFCAED47E4A0}"
EndProject
Global
	GlobalSection(SolutionConfigurationPlatforms) = preSolution
		Debug|Any CPU = Debug|Any CPU
		Release|Any CPU = Release|Any CPU
	EndGlobalSection
	GlobalSection(ProjectConfigurationPlatforms) = postSolution
		{9F454430-F4A8-4B76-88BC-AFCAED47E4A0}.Debug|Any CPU.ActiveCfg = Debug|Any CPU
		{9F454430-F4A8-4B76-88BC-AFCAED47E4A0}.Debug|Any CPU.Build.0 = Debug|Any CPU
		{9F454430-F4A8-4B76-88BC-AFCAED47E4A0}.Release|Any CPU.ActiveCfg = Release|Any CPU
		{9F454430-F4A8-4B76-88BC-AFCAED47E4A0}.Release|Any CPU.Build.0 = Release|Any CPU
	EndGlobalSection
	GlobalSection(SolutionProperties) = preSolution
		HideSolutionNode = FALSE
	EndGlobalSection
	GlobalSection(ExtensibilityGlobals) = postSolution
		SolutionGuid = {B5F6586F-DE6F-4F7A-B76D-1A5641020DB5}
	EndGlobalSection
EndGlobal
